
Microsoft Visual Studio Solution File, Format Version 12.00
# Visual Studio 15
VisualStudioVersion = 15.0.27130.2027
MinimumVisualStudioVersion = 10.0.40219.1
Project("{6EC3EE1D-3C4E-46DD-8F32-0CC8E7565705}") = "BuildInfo", "BuildInfo.fsproj", "{581CFEA8-B70E-4F0C-B077-8F2A8DAD31D7}"
EndProject
Project("{F2A71F9B-5D33-465A-A702-920D77279786}") = "BuildInfo.UT", "..\BuildInfo.UT\BuildInfo.UT.fsproj", "{745C7632-D0E3-4E60-B185-48A0F3D62038}"
EndProject
Global
	GlobalSection(SolutionConfigurationPlatforms) = preSolution
		Debug|Any CPU = Debug|Any CPU
		Release|Any CPU = Release|Any CPU
	EndGlobalSection
	GlobalSection(ProjectConfigurationPlatforms) = postSolution
		{581CFEA8-B70E-4F0C-B077-8F2A8DAD31D7}.Debug|Any CPU.ActiveCfg = Debug|Any CPU
		{581CFEA8-B70E-4F0C-B077-8F2A8DAD31D7}.Debug|Any CPU.Build.0 = Debug|Any CPU
		{581CFEA8-B70E-4F0C-B077-8F2A8DAD31D7}.Release|Any CPU.ActiveCfg = Release|Any CPU
		{581CFEA8-B70E-4F0C-B077-8F2A8DAD31D7}.Release|Any CPU.Build.0 = Release|Any CPU
		{745C7632-D0E3-4E60-B185-48A0F3D62038}.Debug|Any CPU.ActiveCfg = Debug|Any CPU
		{745C7632-D0E3-4E60-B185-48A0F3D62038}.Debug|Any CPU.Build.0 = Debug|Any CPU
		{745C7632-D0E3-4E60-B185-48A0F3D62038}.Release|Any CPU.ActiveCfg = Release|Any CPU
		{745C7632-D0E3-4E60-B185-48A0F3D62038}.Release|Any CPU.Build.0 = Release|Any CPU
	EndGlobalSection
	GlobalSection(SolutionProperties) = preSolution
		HideSolutionNode = FALSE
	EndGlobalSection
	GlobalSection(ExtensibilityGlobals) = postSolution
		SolutionGuid = {1999CAFF-CDC7-4ACB-8959-5579F0A0A419}
	EndGlobalSection
EndGlobal
